{
  "object": {
    "pins": [
      {
        "package": "InputBarAccessoryView",
        "repositoryURL": "https://github.com/nathantannar4/InputBarAccessoryView",
        "state": {
          "branch": null,
          "revision": "a2983f8728bf7aefc7da8a17ffc0e382479ce001",
          "version": "5.2.3"
        }
      },
      {
        "package": "MessageKit",
        "repositoryURL": "https://github.com/MessageKit/MessageKit",
        "state": {
          "branch": null,
          "revision": "7189e5a1af50160884bc6a5f9bdf9cb250dc139a",
          "version": "3.5.0"
        }
      },
      {
        "package": "SwiftyGif",
        "repositoryURL": "https://github.com/kirualex/SwiftyGif.git",
        "state": {
          "branch": null,
          "revision": "420d12cba8338b03993f73a72c1f6b70d5273cf2",
          "version": "5.3.0"
        }
      }
    ]
  },
  "version": 1
}
